PODS:
  - Cartography (0.6.0)
  - Sugar (1.2.0)

DEPENDENCIES:
  - Cartography (~> 0.6)
  - Sugar (~> 1.2)

SPEC CHECKSUMS:
  Cartography: 70af183a248547694a8cfaa6b989cb7e04589985
  Sugar: 556b623f0f8846cf08de7302701892f11d567419

PODFILE CHECKSUM: 6e27a88aeff4ad28e9a0adedc608fba023259633

COCOAPODS: 1.0.0
