// !$*UTF8*$!
{
	archiveVersion = 1;
	classes = {
	};
	objectVersion = 46;
	objects = {

/* Begin PBXBuildFile section */
		23471E096F33A3B0C6C39510 /* Pods_Kilt.framework in Frameworks */ = {isa = PBXBuildFile; fileRef = 7750FEC91023EF9CB15312A0 /* Pods_Kilt.framework */; };
		7AB332B514227626D2B4D465 /* Pods_KiltTests.framework in Frameworks */ = {isa = PBXBuildFile; fileRef = E5A8AED0823E860CC7D3477C /* Pods_KiltTests.framework */; };
		933D5D1A1D45CB5500E01464 /* AppDelegate.swift in Sources */ = {isa = PBXBuildFile; fileRef = 933D5D191D45CB5500E01464 /* AppDelegate.swift */; };
		933D5D211D45CB5500E01464 /* Assets.xcassets in Resources */ = {isa = PBXBuildFile; fileRef = 933D5D201D45CB5500E01464 /* Assets.xcassets */; };
		933D5D241D45CB5500E01464 /* LaunchScreen.storyboard in Resources */ = {isa = PBXBuildFile; fileRef = 933D5D221D45CB5500E01464 /* LaunchScreen.storyboard */; };
		933D5D2F1D45CB5500E01464 /* KiltTests.swift in Sources */ = {isa = PBXBuildFile; fileRef = 933D5D2E1D45CB5500E01464 /* KiltTests.swift */; };
		933D5D3A1D45CB5500E01464 /* KiltUITests.swift in Sources */ = {isa = PBXBuildFile; fileRef = 933D5D391D45CB5500E01464 /* KiltUITests.swift */; };
		933D5D4F1D45D45B00E01464 /* CardsViewController.swift in Sources */ = {isa = PBXBuildFile; fileRef = 933D5D4E1D45D45B00E01464 /* CardsViewController.swift */; };
		933D5D511D45D78800E01464 /* CardsViewModel.swift in Sources */ = {isa = PBXBuildFile; fileRef = 933D5D501D45D78800E01464 /* CardsViewModel.swift */; };
		933D5D531D45D8A800E01464 /* CardsTableViewCell.swift in Sources */ = {isa = PBXBuildFile; fileRef = 933D5D521D45D8A800E01464 /* CardsTableViewCell.swift */; };
		933D5D551D45DB8B00E01464 /* MainTabBarController.swift in Sources */ = {isa = PBXBuildFile; fileRef = 933D5D541D45DB8B00E01464 /* MainTabBarController.swift */; };
		933D5D571D45DC2500E01464 /* MessagesViewController.swift in Sources */ = {isa = PBXBuildFile; fileRef = 933D5D561D45DC2500E01464 /* MessagesViewController.swift */; };
		933D5D591D45DC4600E01464 /* DiscountsViewController.swift in Sources */ = {isa = PBXBuildFile; fileRef = 933D5D581D45DC4600E01464 /* DiscountsViewController.swift */; };
		933D5D5B1D45DC5800E01464 /* ProfileViewController.swift in Sources */ = {isa = PBXBuildFile; fileRef = 933D5D5A1D45DC5800E01464 /* ProfileViewController.swift */; };
		933D5D611D45E75C00E01464 /* Icon.swift in Sources */ = {isa = PBXBuildFile; fileRef = 933D5D601D45E75C00E01464 /* Icon.swift */; };
		933D5D631D4609C100E01464 /* UIColor+Tints.swift in Sources */ = {isa = PBXBuildFile; fileRef = 933D5D621D4609C100E01464 /* UIColor+Tints.swift */; };
		933D5D651D47295300E01464 /* CardDetailViewController.swift in Sources */ = {isa = PBXBuildFile; fileRef = 933D5D641D47295300E01464 /* CardDetailViewController.swift */; };
		933D5D671D47324B00E01464 /* ContactInfoView.swift in Sources */ = {isa = PBXBuildFile; fileRef = 933D5D661D47324B00E01464 /* ContactInfoView.swift */; };
		933D5D691D473C5C00E01464 /* Card.swift in Sources */ = {isa = PBXBuildFile; fileRef = 933D5D681D473C5C00E01464 /* Card.swift */; };
		933D5D6B1D47423800E01464 /* CardLogoImageView.swift in Sources */ = {isa = PBXBuildFile; fileRef = 933D5D6A1D47423800E01464 /* CardLogoImageView.swift */; };
		933D5D6E1D47799300E01464 /* ScanViewController.swift in Sources */ = {isa = PBXBuildFile; fileRef = 933D5D6D1D47799300E01464 /* ScanViewController.swift */; };
		933D5D701D486FA600E01464 /* AddCardViewController.swift in Sources */ = {isa = PBXBuildFile; fileRef = 933D5D6F1D486FA600E01464 /* AddCardViewController.swift */; };
		933D5D721D487DEF00E01464 /* CardNumberTextField.swift in Sources */ = {isa = PBXBuildFile; fileRef = 933D5D711D487DEF00E01464 /* CardNumberTextField.swift */; };
		933D5D741D48827F00E01464 /* SelectCardImageView.swift in Sources */ = {isa = PBXBuildFile; fileRef = 933D5D731D48827F00E01464 /* SelectCardImageView.swift */; };
		933D5D781D48A1B600E01464 /* ProfileTableViewCell.swift in Sources */ = {isa = PBXBuildFile; fileRef = 933D5D771D48A1B600E01464 /* ProfileTableViewCell.swift */; };
		E836D4DC1C650F1928D2CF25 /* Pods_KiltUITests.framework in Frameworks */ = {isa = PBXBuildFile; fileRef = 4B8270DB7D8700DE59DFB7E8 /* Pods_KiltUITests.framework */; };
/* End PBXBuildFile section */

/* Begin PBXContainerItemProxy section */
		933D5D2B1D45CB5500E01464 /* PBXContainerItemProxy */ = {
			isa = PBXContainerItemProxy;
			containerPortal = 933D5D0E1D45CB5500E01464 /* Project object */;
			proxyType = 1;
			remoteGlobalIDString = 933D5D151D45CB5500E01464;
			remoteInfo = Kilt;
		};
		933D5D361D45CB5500E01464 /* PBXContainerItemProxy */ = {
			isa = PBXContainerItemProxy;
			containerPortal = 933D5D0E1D45CB5500E01464 /* Project object */;
			proxyType = 1;
			remoteGlobalIDString = 933D5D151D45CB5500E01464;
			remoteInfo = Kilt;
		};
/* End PBXContainerItemProxy section */

/* Begin PBXFileReference section */
		0942ECE8BDCA4DF9CD785CE2 /* Pods-Kilt.release.xcconfig */ = {isa = PBXFileReference; includeInIndex = 1; lastKnownFileType = text.xcconfig; name = "Pods-Kilt.release.xcconfig"; path = "Pods/Target Support Files/Pods-Kilt/Pods-Kilt.release.xcconfig"; sourceTree = "<group>"; };
		1D6C5474E51848501C37620B /* Pods-KiltTests.release.xcconfig */ = {isa = PBXFileReference; includeInIndex = 1; lastKnownFileType = text.xcconfig; name = "Pods-KiltTests.release.xcconfig"; path = "Pods/Target Support Files/Pods-KiltTests/Pods-KiltTests.release.xcconfig"; sourceTree = "<group>"; };
		213061BB93D27B3DD0402E09 /* Pods-Kilt.debug.xcconfig */ = {isa = PBXFileReference; includeInIndex = 1; lastKnownFileType = text.xcconfig; name = "Pods-Kilt.debug.xcconfig"; path = "Pods/Target Support Files/Pods-Kilt/Pods-Kilt.debug.xcconfig"; sourceTree = "<group>"; };
		4457728E1EEA8A979B0E4E49 /* Pods-KiltUITests.release.xcconfig */ = {isa = PBXFileReference; includeInIndex = 1; lastKnownFileType = text.xcconfig; name = "Pods-KiltUITests.release.xcconfig"; path = "Pods/Target Support Files/Pods-KiltUITests/Pods-KiltUITests.release.xcconfig"; sourceTree = "<group>"; };
		4B8270DB7D8700DE59DFB7E8 /* Pods_KiltUITests.framework */ = {isa = PBXFileReference; explicitFileType = wrapper.framework; includeInIndex = 0; path = Pods_KiltUITests.framework; sourceTree = BUILT_PRODUCTS_DIR; };
		5C67B54A2204204E9208245F /* Pods-KiltTests.debug.xcconfig */ = {isa = PBXFileReference; includeInIndex = 1; lastKnownFileType = text.xcconfig; name = "Pods-KiltTests.debug.xcconfig"; path = "Pods/Target Support Files/Pods-KiltTests/Pods-KiltTests.debug.xcconfig"; sourceTree = "<group>"; };
		7750FEC91023EF9CB15312A0 /* Pods_Kilt.framework */ = {isa = PBXFileReference; explicitFileType = wrapper.framework; includeInIndex = 0; path = Pods_Kilt.framework; sourceTree = BUILT_PRODUCTS_DIR; };
		933D5D161D45CB5500E01464 /* Kilt.app */ = {isa = PBXFileReference; explicitFileType = wrapper.application; includeInIndex = 0; path = Kilt.app; sourceTree = BUILT_PRODUCTS_DIR; };
		933D5D191D45CB5500E01464 /* AppDelegate.swift */ = {isa = PBXFileReference; lastKnownFileType = sourcecode.swift; path = AppDelegate.swift; sourceTree = "<group>"; };
		933D5D201D45CB5500E01464 /* Assets.xcassets */ = {isa = PBXFileReference; lastKnownFileType = folder.assetcatalog; path = Assets.xcassets; sourceTree = "<group>"; };
		933D5D231D45CB5500E01464 /* Base */ = {isa = PBXFileReference; lastKnownFileType = file.storyboard; name = Base; path = Base.lproj/LaunchScreen.storyboard; sourceTree = "<group>"; };
		933D5D251D45CB5500E01464 /* Info.plist */ = {isa = PBXFileReference; lastKnownFileType = text.plist.xml; path = Info.plist; sourceTree = "<group>"; };
		933D5D2A1D45CB5500E01464 /* KiltTests.xctest */ = {isa = PBXFileReference; explicitFileType = wrapper.cfbundle; includeInIndex = 0; path = KiltTests.xctest; sourceTree = BUILT_PRODUCTS_DIR; };
		933D5D2E1D45CB5500E01464 /* KiltTests.swift */ = {isa = PBXFileReference; lastKnownFileType = sourcecode.swift; path = KiltTests.swift; sourceTree = "<group>"; };
		933D5D301D45CB5500E01464 /* Info.plist */ = {isa = PBXFileReference; lastKnownFileType = text.plist.xml; path = Info.plist; sourceTree = "<group>"; };
		933D5D351D45CB5500E01464 /* KiltUITests.xctest */ = {isa = PBXFileReference; explicitFileType = wrapper.cfbundle; includeInIndex = 0; path = KiltUITests.xctest; sourceTree = BUILT_PRODUCTS_DIR; };
		933D5D391D45CB5500E01464 /* KiltUITests.swift */ = {isa = PBXFileReference; lastKnownFileType = sourcecode.swift; path = KiltUITests.swift; sourceTree = "<group>"; };
		933D5D3B1D45CB5500E01464 /* Info.plist */ = {isa = PBXFileReference; lastKnownFileType = text.plist.xml; path = Info.plist; sourceTree = "<group>"; };
		933D5D4E1D45D45B00E01464 /* CardsViewController.swift */ = {isa = PBXFileReference; fileEncoding = 4; lastKnownFileType = sourcecode.swift; path = CardsViewController.swift; sourceTree = "<group>"; };
		933D5D501D45D78800E01464 /* CardsViewModel.swift */ = {isa = PBXFileReference; fileEncoding = 4; lastKnownFileType = sourcecode.swift; path = CardsViewModel.swift; sourceTree = "<group>"; };
		933D5D521D45D8A800E01464 /* CardsTableViewCell.swift */ = {isa = PBXFileReference; fileEncoding = 4; lastKnownFileType = sourcecode.swift; path = CardsTableViewCell.swift; sourceTree = "<group>"; };
		933D5D541D45DB8B00E01464 /* MainTabBarController.swift */ = {isa = PBXFileReference; fileEncoding = 4; lastKnownFileType = sourcecode.swift; path = MainTabBarController.swift; sourceTree = "<group>"; };
		933D5D561D45DC2500E01464 /* MessagesViewController.swift */ = {isa = PBXFileReference; fileEncoding = 4; lastKnownFileType = sourcecode.swift; path = MessagesViewController.swift; sourceTree = "<group>"; };
		933D5D581D45DC4600E01464 /* DiscountsViewController.swift */ = {isa = PBXFileReference; fileEncoding = 4; lastKnownFileType = sourcecode.swift; path = DiscountsViewController.swift; sourceTree = "<group>"; };
		933D5D5A1D45DC5800E01464 /* ProfileViewController.swift */ = {isa = PBXFileReference; fileEncoding = 4; lastKnownFileType = sourcecode.swift; path = ProfileViewController.swift; sourceTree = "<group>"; };
		933D5D601D45E75C00E01464 /* Icon.swift */ = {isa = PBXFileReference; fileEncoding = 4; lastKnownFileType = sourcecode.swift; path = Icon.swift; sourceTree = "<group>"; };
		933D5D621D4609C100E01464 /* UIColor+Tints.swift */ = {isa = PBXFileReference; fileEncoding = 4; lastKnownFileType = sourcecode.swift; path = "UIColor+Tints.swift"; sourceTree = "<group>"; };
		933D5D641D47295300E01464 /* CardDetailViewController.swift */ = {isa = PBXFileReference; fileEncoding = 4; lastKnownFileType = sourcecode.swift; path = CardDetailViewController.swift; sourceTree = "<group>"; };
		933D5D661D47324B00E01464 /* ContactInfoView.swift */ = {isa = PBXFileReference; fileEncoding = 4; lastKnownFileType = sourcecode.swift; path = ContactInfoView.swift; sourceTree = "<group>"; };
		933D5D681D473C5C00E01464 /* Card.swift */ = {isa = PBXFileReference; fileEncoding = 4; lastKnownFileType = sourcecode.swift; path = Card.swift; sourceTree = "<group>"; };
		933D5D6A1D47423800E01464 /* CardLogoImageView.swift */ = {isa = PBXFileReference; fileEncoding = 4; lastKnownFileType = sourcecode.swift; path = CardLogoImageView.swift; sourceTree = "<group>"; };
		933D5D6D1D47799300E01464 /* ScanViewController.swift */ = {isa = PBXFileReference; fileEncoding = 4; lastKnownFileType = sourcecode.swift; path = ScanViewController.swift; sourceTree = "<group>"; };
		933D5D6F1D486FA600E01464 /* AddCardViewController.swift */ = {isa = PBXFileReference; fileEncoding = 4; lastKnownFileType = sourcecode.swift; path = AddCardViewController.swift; sourceTree = "<group>"; };
		933D5D711D487DEF00E01464 /* CardNumberTextField.swift */ = {isa = PBXFileReference; fileEncoding = 4; lastKnownFileType = sourcecode.swift; path = CardNumberTextField.swift; sourceTree = "<group>"; };
		933D5D731D48827F00E01464 /* SelectCardImageView.swift */ = {isa = PBXFileReference; fileEncoding = 4; lastKnownFileType = sourcecode.swift; path = SelectCardImageView.swift; sourceTree = "<group>"; };
		933D5D771D48A1B600E01464 /* ProfileTableViewCell.swift */ = {isa = PBXFileReference; fileEncoding = 4; lastKnownFileType = sourcecode.swift; path = ProfileTableViewCell.swift; sourceTree = "<group>"; };
		CA09CF8F04CB8CE0EEA18DB6 /* Pods-KiltUITests.debug.xcconfig */ = {isa = PBXFileReference; includeInIndex = 1; lastKnownFileType = text.xcconfig; name = "Pods-KiltUITests.debug.xcconfig"; path = "Pods/Target Support Files/Pods-KiltUITests/Pods-KiltUITests.debug.xcconfig"; sourceTree = "<group>"; };
		E5A8AED0823E860CC7D3477C /* Pods_KiltTests.framework */ = {isa = PBXFileReference; explicitFileType = wrapper.framework; includeInIndex = 0; path = Pods_KiltTests.framework; sourceTree = BUILT_PRODUCTS_DIR; };
/* End PBXFileReference section */

/* Begin PBXFrameworksBuildPhase section */
		933D5D131D45CB5500E01464 /* Frameworks */ = {
			isa = PBXFrameworksBuildPhase;
			buildActionMask = 2147483647;
			files = (
				23471E096F33A3B0C6C39510 /* Pods_Kilt.framework in Frameworks */,
			);
			runOnlyForDeploymentPostprocessing = 0;
		};
		933D5D271D45CB5500E01464 /* Frameworks */ = {
			isa = PBXFrameworksBuildPhase;
			buildActionMask = 2147483647;
			files = (
				7AB332B514227626D2B4D465 /* Pods_KiltTests.framework in Frameworks */,
			);
			runOnlyForDeploymentPostprocessing = 0;
		};
		933D5D321D45CB5500E01464 /* Frameworks */ = {
			isa = PBXFrameworksBuildPhase;
			buildActionMask = 2147483647;
			files = (
				E836D4DC1C650F1928D2CF25 /* Pods_KiltUITests.framework in Frameworks */,
			);
			runOnlyForDeploymentPostprocessing = 0;
		};
/* End PBXFrameworksBuildPhase section */

/* Begin PBXGroup section */
		3AB3600D5A7CD88281EDE749 /* Frameworks */ = {
			isa = PBXGroup;
			children = (
				7750FEC91023EF9CB15312A0 /* Pods_Kilt.framework */,
				E5A8AED0823E860CC7D3477C /* Pods_KiltTests.framework */,
				4B8270DB7D8700DE59DFB7E8 /* Pods_KiltUITests.framework */,
			);
			name = Frameworks;
			sourceTree = "<group>";
		};
		3E4BF6A7405BC89ED0043F72 /* Pods */ = {
			isa = PBXGroup;
			children = (
				213061BB93D27B3DD0402E09 /* Pods-Kilt.debug.xcconfig */,
				0942ECE8BDCA4DF9CD785CE2 /* Pods-Kilt.release.xcconfig */,
				5C67B54A2204204E9208245F /* Pods-KiltTests.debug.xcconfig */,
				1D6C5474E51848501C37620B /* Pods-KiltTests.release.xcconfig */,
				CA09CF8F04CB8CE0EEA18DB6 /* Pods-KiltUITests.debug.xcconfig */,
				4457728E1EEA8A979B0E4E49 /* Pods-KiltUITests.release.xcconfig */,
			);
			name = Pods;
			sourceTree = "<group>";
		};
		933D5D0D1D45CB5500E01464 = {
			isa = PBXGroup;
			children = (
				933D5D181D45CB5500E01464 /* Kilt */,
				933D5D2D1D45CB5500E01464 /* KiltTests */,
				933D5D381D45CB5500E01464 /* KiltUITests */,
				933D5D171D45CB5500E01464 /* Products */,
				3E4BF6A7405BC89ED0043F72 /* Pods */,
				3AB3600D5A7CD88281EDE749 /* Frameworks */,
			);
			sourceTree = "<group>";
		};
		933D5D171D45CB5500E01464 /* Products */ = {
			isa = PBXGroup;
			children = (
				933D5D161D45CB5500E01464 /* Kilt.app */,
				933D5D2A1D45CB5500E01464 /* KiltTests.xctest */,
				933D5D351D45CB5500E01464 /* KiltUITests.xctest */,
			);
			name = Products;
			sourceTree = "<group>";
		};
		933D5D181D45CB5500E01464 /* Kilt */ = {
			isa = PBXGroup;
			children = (
				933D5D5F1D45E75000E01464 /* Helpers */,
				933D5D4C1D45CD4D00E01464 /* Extensions */,
				933D5D4A1D45CD2200E01464 /* ViewModels */,
				933D5D491D45CD1C00E01464 /* Controllers */,
				933D5D481D45CD1800E01464 /* Views */,
				933D5D471D45CD1200E01464 /* Models */,
				933D5D4B1D45CD2800E01464 /* Resources */,
			);
			path = Kilt;
			sourceTree = "<group>";
		};
		933D5D2D1D45CB5500E01464 /* KiltTests */ = {
			isa = PBXGroup;
			children = (
				933D5D2E1D45CB5500E01464 /* KiltTests.swift */,
				933D5D301D45CB5500E01464 /* Info.plist */,
			);
			path = KiltTests;
			sourceTree = "<group>";
		};
		933D5D381D45CB5500E01464 /* KiltUITests */ = {
			isa = PBXGroup;
			children = (
				933D5D391D45CB5500E01464 /* KiltUITests.swift */,
				933D5D3B1D45CB5500E01464 /* Info.plist */,
			);
			path = KiltUITests;
			sourceTree = "<group>";
		};
		933D5D471D45CD1200E01464 /* Models */ = {
			isa = PBXGroup;
			children = (
				933D5D681D473C5C00E01464 /* Card.swift */,
			);
			name = Models;
			sourceTree = "<group>";
		};
		933D5D481D45CD1800E01464 /* Views */ = {
			isa = PBXGroup;
			children = (
				933D5D761D48A1A500E01464 /* Profile */,
				933D5D751D48A19800E01464 /* Cards */,
			);
			name = Views;
			sourceTree = "<group>";
		};
		933D5D491D45CD1C00E01464 /* Controllers */ = {
			isa = PBXGroup;
			children = (
				933D5D4D1D45D41500E01464 /* MainPages */,
				933D5D191D45CB5500E01464 /* AppDelegate.swift */,
			);
			name = Controllers;
			sourceTree = "<group>";
		};
		933D5D4A1D45CD2200E01464 /* ViewModels */ = {
			isa = PBXGroup;
			children = (
				933D5D501D45D78800E01464 /* CardsViewModel.swift */,
			);
			name = ViewModels;
			sourceTree = "<group>";
		};
		933D5D4B1D45CD2800E01464 /* Resources */ = {
			isa = PBXGroup;
			children = (
				933D5D201D45CB5500E01464 /* Assets.xcassets */,
				933D5D221D45CB5500E01464 /* LaunchScreen.storyboard */,
				933D5D251D45CB5500E01464 /* Info.plist */,
			);
			name = Resources;
			sourceTree = "<group>";
		};
		933D5D4C1D45CD4D00E01464 /* Extensions */ = {
			isa = PBXGroup;
			children = (
				933D5D621D4609C100E01464 /* UIColor+Tints.swift */,
			);
			name = Extensions;
			sourceTree = "<group>";
		};
		933D5D4D1D45D41500E01464 /* MainPages */ = {
			isa = PBXGroup;
			children = (
				933D5D541D45DB8B00E01464 /* MainTabBarController.swift */,
				933D5D6C1D475A1000E01464 /* Cards */,
				933D5D561D45DC2500E01464 /* MessagesViewController.swift */,
				933D5D581D45DC4600E01464 /* DiscountsViewController.swift */,
				933D5D5A1D45DC5800E01464 /* ProfileViewController.swift */,
			);
			name = MainPages;
			sourceTree = "<group>";
		};
		933D5D5F1D45E75000E01464 /* Helpers */ = {
			isa = PBXGroup;
			children = (
				933D5D601D45E75C00E01464 /* Icon.swift */,
			);
			name = Helpers;
			sourceTree = "<group>";
		};
		933D5D6C1D475A1000E01464 /* Cards */ = {
			isa = PBXGroup;
			children = (
				933D5D4E1D45D45B00E01464 /* CardsViewController.swift */,
				933D5D641D47295300E01464 /* CardDetailViewController.swift */,
				933D5D6D1D47799300E01464 /* ScanViewController.swift */,
				933D5D6F1D486FA600E01464 /* AddCardViewController.swift */,
			);
			name = Cards;
			sourceTree = "<group>";
		};
		933D5D751D48A19800E01464 /* Cards */ = {
			isa = PBXGroup;
			children = (
				933D5D521D45D8A800E01464 /* CardsTableViewCell.swift */,
				933D5D661D47324B00E01464 /* ContactInfoView.swift */,
				933D5D6A1D47423800E01464 /* CardLogoImageView.swift */,
				933D5D711D487DEF00E01464 /* CardNumberTextField.swift */,
				933D5D731D48827F00E01464 /* SelectCardImageView.swift */,
			);
			name = Cards;
			sourceTree = "<group>";
		};
		933D5D761D48A1A500E01464 /* Profile */ = {
			isa = PBXGroup;
			children = (
				933D5D771D48A1B600E01464 /* ProfileTableViewCell.swift */,
			);
			name = Profile;
			sourceTree = "<group>";
		};
/* End PBXGroup section */

/* Begin PBXNativeTarget section */
		933D5D151D45CB5500E01464 /* Kilt */ = {
			isa = PBXNativeTarget;
			buildConfigurationList = 933D5D3E1D45CB5500E01464 /* Build configuration list for PBXNativeTarget "Kilt" */;
			buildPhases = (
				9C6DC7E4D9030E22FCD2C4A6 /* 📦 Check Pods Manifest.lock */,
				933D5D121D45CB5500E01464 /* Sources */,
				933D5D131D45CB5500E01464 /* Frameworks */,
				933D5D141D45CB5500E01464 /* Resources */,
				AD59F6ADF9914033A23B1826 /* 📦 Embed Pods Frameworks */,
				C8ED36792CB4C5F08307DEE8 /* 📦 Copy Pods Resources */,
			);
			buildRules = (
			);
			dependencies = (
			);
			name = Kilt;
			productName = Kilt;
			productReference = 933D5D161D45CB5500E01464 /* Kilt.app */;
			productType = "com.apple.product-type.application";
		};
		933D5D291D45CB5500E01464 /* KiltTests */ = {
			isa = PBXNativeTarget;
			buildConfigurationList = 933D5D411D45CB5500E01464 /* Build configuration list for PBXNativeTarget "KiltTests" */;
			buildPhases = (
				CAD690EC12071BA1ADB674E7 /* 📦 Check Pods Manifest.lock */,
				933D5D261D45CB5500E01464 /* Sources */,
				933D5D271D45CB5500E01464 /* Frameworks */,
				933D5D281D45CB5500E01464 /* Resources */,
				F3AC32E3170D7F06CEEB984B /* 📦 Embed Pods Frameworks */,
				69DC24AF94EE9F8C4A6D148B /* 📦 Copy Pods Resources */,
			);
			buildRules = (
			);
			dependencies = (
				933D5D2C1D45CB5500E01464 /* PBXTargetDependency */,
			);
			name = KiltTests;
			productName = KiltTests;
			productReference = 933D5D2A1D45CB5500E01464 /* KiltTests.xctest */;
			productType = "com.apple.product-type.bundle.unit-test";
		};
		933D5D341D45CB5500E01464 /* KiltUITests */ = {
			isa = PBXNativeTarget;
			buildConfigurationList = 933D5D441D45CB5500E01464 /* Build configuration list for PBXNativeTarget "KiltUITests" */;
			buildPhases = (
				B957AD52A4463D5BC1E79794 /* 📦 Check Pods Manifest.lock */,
				933D5D311D45CB5500E01464 /* Sources */,
				933D5D321D45CB5500E01464 /* Frameworks */,
				933D5D331D45CB5500E01464 /* Resources */,
				EE3CF6C52AA012EF9372A9DC /* 📦 Copy Pods Resources */,
			);
			buildRules = (
			);
			dependencies = (
				933D5D371D45CB5500E01464 /* PBXTargetDependency */,
			);
			name = KiltUITests;
			productName = KiltUITests;
			productReference = 933D5D351D45CB5500E01464 /* KiltUITests.xctest */;
			productType = "com.apple.product-type.bundle.ui-testing";
		};
/* End PBXNativeTarget section */

/* Begin PBXProject section */
		933D5D0E1D45CB5500E01464 /* Project object */ = {
			isa = PBXProject;
			attributes = {
				LastSwiftUpdateCheck = 0730;
				LastUpgradeCheck = 0730;
				ORGANIZATIONNAME = "Nurdaulet Bolatov";
				TargetAttributes = {
					933D5D151D45CB5500E01464 = {
						CreatedOnToolsVersion = 7.3;
					};
					933D5D291D45CB5500E01464 = {
						CreatedOnToolsVersion = 7.3;
						TestTargetID = 933D5D151D45CB5500E01464;
					};
					933D5D341D45CB5500E01464 = {
						CreatedOnToolsVersion = 7.3;
						TestTargetID = 933D5D151D45CB5500E01464;
					};
				};
			};
			buildConfigurationList = 933D5D111D45CB5500E01464 /* Build configuration list for PBXProject "Kilt" */;
			compatibilityVersion = "Xcode 3.2";
			developmentRegion = English;
			hasScannedForEncodings = 0;
			knownRegions = (
				en,
				Base,
			);
			mainGroup = 933D5D0D1D45CB5500E01464;
			productRefGroup = 933D5D171D45CB5500E01464 /* Products */;
			projectDirPath = "";
			projectRoot = "";
			targets = (
				933D5D151D45CB5500E01464 /* Kilt */,
				933D5D291D45CB5500E01464 /* KiltTests */,
				933D5D341D45CB5500E01464 /* KiltUITests */,
			);
		};
/* End PBXProject section */

/* Begin PBXResourcesBuildPhase section */
		933D5D141D45CB5500E01464 /* Resources */ = {
			isa = PBXResourcesBuildPhase;
			buildActionMask = 2147483647;
			files = (
				933D5D241D45CB5500E01464 /* LaunchScreen.storyboard in Resources */,
				933D5D211D45CB5500E01464 /* Assets.xcassets in Resources */,
			);
			runOnlyForDeploymentPostprocessing = 0;
		};
		933D5D281D45CB5500E01464 /* Resources */ = {
			isa = PBXResourcesBuildPhase;
			buildActionMask = 2147483647;
			files = (
			);
			runOnlyForDeploymentPostprocessing = 0;
		};
		933D5D331D45CB5500E01464 /* Resources */ = {
			isa = PBXResourcesBuildPhase;
			buildActionMask = 2147483647;
			files = (
			);
			runOnlyForDeploymentPostprocessing = 0;
		};
/* End PBXResourcesBuildPhase section */

/* Begin PBXShellScriptBuildPhase section */
		69DC24AF94EE9F8C4A6D148B /* 📦 Copy Pods Resources */ = {
			isa = PBXShellScriptBuildPhase;
			buildActionMask = 2147483647;
			files = (
			);
			inputPaths = (
			);
			name = "📦 Copy Pods Resources";
			outputPaths = (
			);
			runOnlyForDeploymentPostprocessing = 0;
			shellPath = /bin/sh;
			shellScript = "\"${SRCROOT}/Pods/Target Support Files/Pods-KiltTests/Pods-KiltTests-resources.sh\"\n";
			showEnvVarsInLog = 0;
		};
		9C6DC7E4D9030E22FCD2C4A6 /* 📦 Check Pods Manifest.lock */ = {
			isa = PBXShellScriptBuildPhase;
			buildActionMask = 2147483647;
			files = (
			);
			inputPaths = (
			);
			name = "📦 Check Pods Manifest.lock";
			outputPaths = (
			);
			runOnlyForDeploymentPostprocessing = 0;
			shellPath = /bin/sh;
			shellScript = "diff \"${PODS_ROOT}/../Podfile.lock\" \"${PODS_ROOT}/Manifest.lock\" > /dev/null\nif [[ $? != 0 ]] ; then\n    cat << EOM\nerror: The sandbox is not in sync with the Podfile.lock. Run 'pod install' or update your CocoaPods installation.\nEOM\n    exit 1\nfi\n";
			showEnvVarsInLog = 0;
		};
		AD59F6ADF9914033A23B1826 /* 📦 Embed Pods Frameworks */ = {
			isa = PBXShellScriptBuildPhase;
			buildActionMask = 2147483647;
			files = (
			);
			inputPaths = (
			);
			name = "📦 Embed Pods Frameworks";
			outputPaths = (
			);
			runOnlyForDeploymentPostprocessing = 0;
			shellPath = /bin/sh;
			shellScript = "\"${SRCROOT}/Pods/Target Support Files/Pods-Kilt/Pods-Kilt-frameworks.sh\"\n";
			showEnvVarsInLog = 0;
		};
		B957AD52A4463D5BC1E79794 /* 📦 Check Pods Manifest.lock */ = {
			isa = PBXShellScriptBuildPhase;
			buildActionMask = 2147483647;
			files = (
			);
			inputPaths = (
			);
			name = "📦 Check Pods Manifest.lock";
			outputPaths = (
			);
			runOnlyForDeploymentPostprocessing = 0;
			shellPath = /bin/sh;
			shellScript = "diff \"${PODS_ROOT}/../Podfile.lock\" \"${PODS_ROOT}/Manifest.lock\" > /dev/null\nif [[ $? != 0 ]] ; then\n    cat << EOM\nerror: The sandbox is not in sync with the Podfile.lock. Run 'pod install' or update your CocoaPods installation.\nEOM\n    exit 1\nfi\n";
			showEnvVarsInLog = 0;
		};
		C8ED36792CB4C5F08307DEE8 /* 📦 Copy Pods Resources */ = {
			isa = PBXShellScriptBuildPhase;
			buildActionMask = 2147483647;
			files = (
			);
			inputPaths = (
			);
			name = "📦 Copy Pods Resources";
			outputPaths = (
			);
			runOnlyForDeploymentPostprocessing = 0;
			shellPath = /bin/sh;
			shellScript = "\"${SRCROOT}/Pods/Target Support Files/Pods-Kilt/Pods-Kilt-resources.sh\"\n";
			showEnvVarsInLog = 0;
		};
		CAD690EC12071BA1ADB674E7 /* 📦 Check Pods Manifest.lock */ = {
			isa = PBXShellScriptBuildPhase;
			buildActionMask = 2147483647;
			files = (
			);
			inputPaths = (
			);
			name = "📦 Check Pods Manifest.lock";
			outputPaths = (
			);
			runOnlyForDeploymentPostprocessing = 0;
			shellPath = /bin/sh;
			shellScript = "diff \"${PODS_ROOT}/../Podfile.lock\" \"${PODS_ROOT}/Manifest.lock\" > /dev/null\nif [[ $? != 0 ]] ; then\n    cat << EOM\nerror: The sandbox is not in sync with the Podfile.lock. Run 'pod install' or update your CocoaPods installation.\nEOM\n    exit 1\nfi\n";
			showEnvVarsInLog = 0;
		};
		EE3CF6C52AA012EF9372A9DC /* 📦 Copy Pods Resources */ = {
			isa = PBXShellScriptBuildPhase;
			buildActionMask = 2147483647;
			files = (
			);
			inputPaths = (
			);
			name = "📦 Copy Pods Resources";
			outputPaths = (
			);
			runOnlyForDeploymentPostprocessing = 0;
			shellPath = /bin/sh;
			shellScript = "\"${SRCROOT}/Pods/Target Support Files/Pods-KiltUITests/Pods-KiltUITests-resources.sh\"\n";
			showEnvVarsInLog = 0;
		};
		F3AC32E3170D7F06CEEB984B /* 📦 Embed Pods Frameworks */ = {
			isa = PBXShellScriptBuildPhase;
			buildActionMask = 2147483647;
			files = (
			);
			inputPaths = (
			);
			name = "📦 Embed Pods Frameworks";
			outputPaths = (
			);
			runOnlyForDeploymentPostprocessing = 0;
			shellPath = /bin/sh;
			shellScript = "\"${SRCROOT}/Pods/Target Support Files/Pods-KiltTests/Pods-KiltTests-frameworks.sh\"\n";
			showEnvVarsInLog = 0;
		};
/* End PBXShellScriptBuildPhase section */

/* Begin PBXSourcesBuildPhase section */
		933D5D121D45CB5500E01464 /* Sources */ = {
			isa = PBXSourcesBuildPhase;
			buildActionMask = 2147483647;
			files = (
				933D5D571D45DC2500E01464 /* MessagesViewController.swift in Sources */,
				933D5D4F1D45D45B00E01464 /* CardsViewController.swift in Sources */,
				933D5D6E1D47799300E01464 /* ScanViewController.swift in Sources */,
				933D5D1A1D45CB5500E01464 /* AppDelegate.swift in Sources */,
				933D5D6B1D47423800E01464 /* CardLogoImageView.swift in Sources */,
				933D5D551D45DB8B00E01464 /* MainTabBarController.swift in Sources */,
				933D5D691D473C5C00E01464 /* Card.swift in Sources */,
				933D5D781D48A1B600E01464 /* ProfileTableViewCell.swift in Sources */,
				933D5D631D4609C100E01464 /* UIColor+Tints.swift in Sources */,
				933D5D701D486FA600E01464 /* AddCardViewController.swift in Sources */,
				933D5D511D45D78800E01464 /* CardsViewModel.swift in Sources */,
				933D5D741D48827F00E01464 /* SelectCardImageView.swift in Sources */,
				933D5D721D487DEF00E01464 /* CardNumberTextField.swift in Sources */,
				933D5D651D47295300E01464 /* CardDetailViewController.swift in Sources */,
				933D5D591D45DC4600E01464 /* DiscountsViewController.swift in Sources */,
				933D5D5B1D45DC5800E01464 /* ProfileViewController.swift in Sources */,
				933D5D611D45E75C00E01464 /* Icon.swift in Sources */,
				933D5D531D45D8A800E01464 /* CardsTableViewCell.swift in Sources */,
				933D5D671D47324B00E01464 /* ContactInfoView.swift in Sources */,
			);
			runOnlyForDeploymentPostprocessing = 0;
		};
		933D5D261D45CB5500E01464 /* Sources */ = {
			isa = PBXSourcesBuildPhase;
			buildActionMask = 2147483647;
			files = (
				933D5D2F1D45CB5500E01464 /* KiltTests.swift in Sources */,
			);
			runOnlyForDeploymentPostprocessing = 0;
		};
		933D5D311D45CB5500E01464 /* Sources */ = {
			isa = PBXSourcesBuildPhase;
			buildActionMask = 2147483647;
			files = (
				933D5D3A1D45CB5500E01464 /* KiltUITests.swift in Sources */,
			);
			runOnlyForDeploymentPostprocessing = 0;
		};
/* End PBXSourcesBuildPhase section */

/* Begin PBXTargetDependency section */
		933D5D2C1D45CB5500E01464 /* PBXTargetDependency */ = {
			isa = PBXTargetDependency;
			target = 933D5D151D45CB5500E01464 /* Kilt */;
			targetProxy = 933D5D2B1D45CB5500E01464 /* PBXContainerItemProxy */;
		};
		933D5D371D45CB5500E01464 /* PBXTargetDependency */ = {
			isa = PBXTargetDependency;
			target = 933D5D151D45CB5500E01464 /* Kilt */;
			targetProxy = 933D5D361D45CB5500E01464 /* PBXContainerItemProxy */;
		};
/* End PBXTargetDependency section */

/* Begin PBXVariantGroup section */
		933D5D221D45CB5500E01464 /* LaunchScreen.storyboard */ = {
			isa = PBXVariantGroup;
			children = (
				933D5D231D45CB5500E01464 /* Base */,
			);
			name = LaunchScreen.storyboard;
			sourceTree = "<group>";
		};
/* End PBXVariantGroup section */

/* Begin XCBuildConfiguration section */
		933D5D3C1D45CB5500E01464 /* Debug */ = {
			isa = XCBuildConfiguration;
			buildSettings = {
				ALWAYS_SEARCH_USER_PATHS = NO;
				CLANG_ANALYZER_NONNULL = YES;
				CLANG_CXX_LANGUAGE_STANDARD = "gnu++0x";
				CLANG_CXX_LIBRARY = "libc++";
				CLANG_ENABLE_MODULES = YES;
				CLANG_ENABLE_OBJC_ARC = YES;
				CLANG_WARN_BOOL_CONVERSION = YES;
				CLANG_WARN_CONSTANT_CONVERSION = YES;
				CLANG_WARN_DIRECT_OBJC_ISA_USAGE = YES_ERROR;
				CLANG_WARN_EMPTY_BODY = YES;
				CLANG_WARN_ENUM_CONVERSION = YES;
				CLANG_WARN_INT_CONVERSION = YES;
				CLANG_WARN_OBJC_ROOT_CLASS = YES_ERROR;
				CLANG_WARN_UNREACHABLE_CODE = YES;
				CLANG_WARN__DUPLICATE_METHOD_MATCH = YES;
				"CODE_SIGN_IDENTITY[sdk=iphoneos*]" = "iPhone Developer";
				COPY_PHASE_STRIP = NO;
				DEBUG_INFORMATION_FORMAT = dwarf;
				ENABLE_STRICT_OBJC_MSGSEND = YES;
				ENABLE_TESTABILITY = YES;
				GCC_C_LANGUAGE_STANDARD = gnu99;
				GCC_DYNAMIC_NO_PIC = NO;
				GCC_NO_COMMON_BLOCKS = YES;
				GCC_OPTIMIZATION_LEVEL = 0;
				GCC_PREPROCESSOR_DEFINITIONS = (
					"DEBUG=1",
					"$(inherited)",
				);
				GCC_WARN_64_TO_32_BIT_CONVERSION = YES;
				GCC_WARN_ABOUT_RETURN_TYPE = YES_ERROR;
				GCC_WARN_UNDECLARED_SELECTOR = YES;
				GCC_WARN_UNINITIALIZED_AUTOS = YES_AGGRESSIVE;
				GCC_WARN_UNUSED_FUNCTION = YES;
				GCC_WARN_UNUSED_VARIABLE = YES;
				IPHONEOS_DEPLOYMENT_TARGET = 9.3;
				MTL_ENABLE_DEBUG_INFO = YES;
				ONLY_ACTIVE_ARCH = YES;
				SDKROOT = iphoneos;
				SWIFT_OPTIMIZATION_LEVEL = "-Onone";
				TARGETED_DEVICE_FAMILY = "1,2";
			};
			name = Debug;
		};
		933D5D3D1D45CB5500E01464 /* Release */ = {
			isa = XCBuildConfiguration;
			buildSettings = {
				ALWAYS_SEARCH_USER_PATHS = NO;
				CLANG_ANALYZER_NONNULL = YES;
				CLANG_CXX_LANGUAGE_STANDARD = "gnu++0x";
				CLANG_CXX_LIBRARY = "libc++";
				CLANG_ENABLE_MODULES = YES;
				CLANG_ENABLE_OBJC_ARC = YES;
				CLANG_WARN_BOOL_CONVERSION = YES;
				CLANG_WARN_CONSTANT_CONVERSION = YES;
				CLANG_WARN_DIRECT_OBJC_ISA_USAGE = YES_ERROR;
				CLANG_WARN_EMPTY_BODY = YES;
				CLANG_WARN_ENUM_CONVERSION = YES;
				CLANG_WARN_INT_CONVERSION = YES;
				CLANG_WARN_OBJC_ROOT_CLASS = YES_ERROR;
				CLANG_WARN_UNREACHABLE_CODE = YES;
				CLANG_WARN__DUPLICATE_METHOD_MATCH = YES;
				"CODE_SIGN_IDENTITY[sdk=iphoneos*]" = "iPhone Developer";
				COPY_PHASE_STRIP = NO;
				DEBUG_INFORMATION_FORMAT = "dwarf-with-dsym";
				ENABLE_NS_ASSERTIONS = NO;
				ENABLE_STRICT_OBJC_MSGSEND = YES;
				GCC_C_LANGUAGE_STANDARD = gnu99;
				GCC_NO_COMMON_BLOCKS = YES;
				GCC_WARN_64_TO_32_BIT_CONVERSION = YES;
				GCC_WARN_ABOUT_RETURN_TYPE = YES_ERROR;
				GCC_WARN_UNDECLARED_SELECTOR = YES;
				GCC_WARN_UNINITIALIZED_AUTOS = YES_AGGRESSIVE;
				GCC_WARN_UNUSED_FUNCTION = YES;
				GCC_WARN_UNUSED_VARIABLE = YES;
				IPHONEOS_DEPLOYMENT_TARGET = 9.3;
				MTL_ENABLE_DEBUG_INFO = NO;
				SDKROOT = iphoneos;
				TARGETED_DEVICE_FAMILY = "1,2";
				VALIDATE_PRODUCT = YES;
			};
			name = Release;
		};
		933D5D3F1D45CB5500E01464 /* Debug */ = {
			isa = XCBuildConfiguration;
			baseConfigurationReference = 213061BB93D27B3DD0402E09 /* Pods-Kilt.debug.xcconfig */;
			buildSettings = {
				ASSETCATALOG_COMPILER_APPICON_NAME = AppIcon;
				INFOPLIST_FILE = Kilt/Info.plist;
				LD_RUNPATH_SEARCH_PATHS = "$(inherited) @executable_path/Frameworks";
				PRODUCT_BUNDLE_IDENTIFIER = com.Kilt;
				PRODUCT_NAME = "$(TARGET_NAME)";
			};
			name = Debug;
		};
		933D5D401D45CB5500E01464 /* Release */ = {
			isa = XCBuildConfiguration;
			baseConfigurationReference = 0942ECE8BDCA4DF9CD785CE2 /* Pods-Kilt.release.xcconfig */;
			buildSettings = {
				ASSETCATALOG_COMPILER_APPICON_NAME = AppIcon;
				INFOPLIST_FILE = Kilt/Info.plist;
				LD_RUNPATH_SEARCH_PATHS = "$(inherited) @executable_path/Frameworks";
				PRODUCT_BUNDLE_IDENTIFIER = com.Kilt;
				PRODUCT_NAME = "$(TARGET_NAME)";
			};
			name = Release;
		};
		933D5D421D45CB5500E01464 /* Debug */ = {
			isa = XCBuildConfiguration;
			baseConfigurationReference = 5C67B54A2204204E9208245F /* Pods-KiltTests.debug.xcconfig */;
			buildSettings = {
				BUNDLE_LOADER = "$(TEST_HOST)";
				INFOPLIST_FILE = KiltTests/Info.plist;
				LD_RUNPATH_SEARCH_PATHS = "$(inherited) @executable_path/Frameworks @loader_path/Frameworks";
				PRODUCT_BUNDLE_IDENTIFIER = com.KiltTests;
				PRODUCT_NAME = "$(TARGET_NAME)";
				TEST_HOST = "$(BUILT_PRODUCTS_DIR)/Kilt.app/Kilt";
			};
			name = Debug;
		};
		933D5D431D45CB5500E01464 /* Release */ = {
			isa = XCBuildConfiguration;
			baseConfigurationReference = 1D6C5474E51848501C37620B /* Pods-KiltTests.release.xcconfig */;
			buildSettings = {
				BUNDLE_LOADER = "$(TEST_HOST)";
				INFOPLIST_FILE = KiltTests/Info.plist;
				LD_RUNPATH_SEARCH_PATHS = "$(inherited) @executable_path/Frameworks @loader_path/Frameworks";
				PRODUCT_BUNDLE_IDENTIFIER = com.KiltTests;
				PRODUCT_NAME = "$(TARGET_NAME)";
				TEST_HOST = "$(BUILT_PRODUCTS_DIR)/Kilt.app/Kilt";
			};
			name = Release;
		};
		933D5D451D45CB5500E01464 /* Debug */ = {
			isa = XCBuildConfiguration;
			baseConfigurationReference = CA09CF8F04CB8CE0EEA18DB6 /* Pods-KiltUITests.debug.xcconfig */;
			buildSettings = {
				INFOPLIST_FILE = KiltUITests/Info.plist;
				LD_RUNPATH_SEARCH_PATHS = "$(inherited) @executable_path/Frameworks @loader_path/Frameworks";
				PRODUCT_BUNDLE_IDENTIFIER = com.KiltUITests;
				PRODUCT_NAME = "$(TARGET_NAME)";
				TEST_TARGET_NAME = Kilt;
			};
			name = Debug;
		};
		933D5D461D45CB5500E01464 /* Release */ = {
			isa = XCBuildConfiguration;
			baseConfigurationReference = 4457728E1EEA8A979B0E4E49 /* Pods-KiltUITests.release.xcconfig */;
			buildSettings = {
				INFOPLIST_FILE = KiltUITests/Info.plist;
				LD_RUNPATH_SEARCH_PATHS = "$(inherited) @executable_path/Frameworks @loader_path/Frameworks";
				PRODUCT_BUNDLE_IDENTIFIER = com.KiltUITests;
				PRODUCT_NAME = "$(TARGET_NAME)";
				TEST_TARGET_NAME = Kilt;
			};
			name = Release;
		};
/* End XCBuildConfiguration section */

/* Begin XCConfigurationList section */
		933D5D111D45CB5500E01464 /* Build configuration list for PBXProject "Kilt" */ = {
			isa = XCConfigurationList;
			buildConfigurations = (
				933D5D3C1D45CB5500E01464 /* Debug */,
				933D5D3D1D45CB5500E01464 /* Release */,
			);
			defaultConfigurationIsVisible = 0;
			defaultConfigurationName = Release;
		};
		933D5D3E1D45CB5500E01464 /* Build configuration list for PBXNativeTarget "Kilt" */ = {
			isa = XCConfigurationList;
			buildConfigurations = (
				933D5D3F1D45CB5500E01464 /* Debug */,
				933D5D401D45CB5500E01464 /* Release */,
			);
			defaultConfigurationIsVisible = 0;
			defaultConfigurationName = Release;
		};
		933D5D411D45CB5500E01464 /* Build configuration list for PBXNativeTarget "KiltTests" */ = {
			isa = XCConfigurationList;
			buildConfigurations = (
				933D5D421D45CB5500E01464 /* Debug */,
				933D5D431D45CB5500E01464 /* Release */,
			);
			defaultConfigurationIsVisible = 0;
			defaultConfigurationName = Release;
		};
		933D5D441D45CB5500E01464 /* Build configuration list for PBXNativeTarget "KiltUITests" */ = {
			isa = XCConfigurationList;
			buildConfigurations = (
				933D5D451D45CB5500E01464 /* Debug */,
				933D5D461D45CB5500E01464 /* Release */,
			);
			defaultConfigurationIsVisible = 0;
			defaultConfigurationName = Release;
		};
/* End XCConfigurationList section */
	};
	rootObject = 933D5D0E1D45CB5500E01464 /* Project object */;
}
